
Microsoft Visual Studio Solution File, Format Version 12.00
# Visual Studio Version 17
VisualStudioVersion = 17.4.33213.308
MinimumVisualStudioVersion = 10.0.40219.1
Project("{9A19103F-16F7-4668-BE54-9A1E7A4F7556}") = "QOptions.Core", "src\QOptions.Core\QOptions.Core.csproj", "{3900A7F7-CA46-47CB-B4A3-1E4C1335270C}"
EndProject
Project("{FAE04EC0-301F-11D3-BF4B-00C04F79EFBC}") = "QOptions.Query", "QOptions.Query\QOptions.Query.csproj", "{B89BEAB7-190E-417A-AE48-EAF7698395DC}"
EndProject
Global
	GlobalSection(SolutionConfigurationPlatforms) = preSolution
		Debug|Any CPU = Debug|Any CPU
		Release|Any CPU = Release|Any CPU
	EndGlobalSection
	GlobalSection(ProjectConfigurationPlatforms) = postSolution
		{3900A7F7-CA46-47CB-B4A3-1E4C1335270C}.Debug|Any CPU.ActiveCfg = Debug|Any CPU
		{3900A7F7-CA46-47CB-B4A3-1E4C1335270C}.Debug|Any CPU.Build.0 = Debug|Any CPU
		{3900A7F7-CA46-47CB-B4A3-1E4C1335270C}.Release|Any CPU.ActiveCfg = Release|Any CPU
		{3900A7F7-CA46-47CB-B4A3-1E4C1335270C}.Release|Any CPU.Build.0 = Release|Any CPU
		{B89BEAB7-190E-417A-AE48-EAF7698395DC}.Debug|Any CPU.ActiveCfg = Debug|Any CPU
		{B89BEAB7-190E-417A-AE48-EAF7698395DC}.Debug|Any CPU.Build.0 = Debug|Any CPU
		{B89BEAB7-190E-417A-AE48-EAF7698395DC}.Release|Any CPU.ActiveCfg = Release|Any CPU
		{B89BEAB7-190E-417A-AE48-EAF7698395DC}.Release|Any CPU.Build.0 = Release|Any CPU
	EndGlobalSection
	GlobalSection(SolutionProperties) = preSolution
		HideSolutionNode = FALSE
	EndGlobalSection
	GlobalSection(ExtensibilityGlobals) = postSolution
		SolutionGuid = {78BFCC5C-34C7-436F-8F55-677451567BF3}
	EndGlobalSection
EndGlobal
